// !$*UTF8*$!
{
	archiveVersion = 1;
	classes = {
	};
	objectVersion = 50;
	objects = {

/* Begin PBXBuildFile section */
		ABB8B8962340ECFD003B83B6 /* CreateOrderResponse.swift in Sources */ = {isa = PBXBuildFile; fileRef = ABB8B8952340ECFD003B83B6 /* CreateOrderResponse.swift */; };
		ABB8B8A92340F810003B83B6 /* AddCoffeeOrderViewModel.swift in Sources */ = {isa = PBXBuildFile; fileRef = ABB8B8A82340F810003B83B6 /* AddCoffeeOrderViewModel.swift */; };
		ABB8B8AB2340F9ED003B83B6 /* CoffeeViewModel.swift in Sources */ = {isa = PBXBuildFile; fileRef = ABB8B8AA2340F9ED003B83B6 /* CoffeeViewModel.swift */; };
		ABB8B8AD2340FCC6003B83B6 /* AddCoffeeOrderView.swift in Sources */ = {isa = PBXBuildFile; fileRef = ABB8B8AC2340FCC6003B83B6 /* AddCoffeeOrderView.swift */; };
		ABB8B8AF23410D4E003B83B6 /* OrderTotalView.swift in Sources */ = {isa = PBXBuildFile; fileRef = ABB8B8AE23410D4E003B83B6 /* OrderTotalView.swift */; };
		ABBFAF372336A5EC00C2ED14 /* AppDelegate.swift in Sources */ = {isa = PBXBuildFile; fileRef = ABBFAF362336A5EC00C2ED14 /* AppDelegate.swift */; };
		ABBFAF392336A5EC00C2ED14 /* SceneDelegate.swift in Sources */ = {isa = PBXBuildFile; fileRef = ABBFAF382336A5EC00C2ED14 /* SceneDelegate.swift */; };
		ABBFAF3B2336A5EC00C2ED14 /* ContentView.swift in Sources */ = {isa = PBXBuildFile; fileRef = ABBFAF3A2336A5EC00C2ED14 /* ContentView.swift */; };
		ABBFAF3D2336A5EE00C2ED14 /* Assets.xcassets in Resources */ = {isa = PBXBuildFile; fileRef = ABBFAF3C2336A5EE00C2ED14 /* Assets.xcassets */; };
		ABBFAF402336A5EE00C2ED14 /* Preview Assets.xcassets in Resources */ = {isa = PBXBuildFile; fileRef = ABBFAF3F2336A5EE00C2ED14 /* Preview Assets.xcassets */; };
		ABBFAF432336A5EE00C2ED14 /* LaunchScreen.storyboard in Resources */ = {isa = PBXBuildFile; fileRef = ABBFAF412336A5EE00C2ED14 /* LaunchScreen.storyboard */; };
		ABBFAF4D2336A64300C2ED14 /* Coffee.swift in Sources */ = {isa = PBXBuildFile; fileRef = ABBFAF4C2336A64300C2ED14 /* Coffee.swift */; };
		ABBFAF4F2336A83D00C2ED14 /* Order.swift in Sources */ = {isa = PBXBuildFile; fileRef = ABBFAF4E2336A83D00C2ED14 /* Order.swift */; };
		ABBFAF522336A91D00C2ED14 /* Webservice.swift in Sources */ = {isa = PBXBuildFile; fileRef = ABBFAF512336A91D00C2ED14 /* Webservice.swift */; };
		ABBFAF542336ACD400C2ED14 /* OrderListViewModel.swift in Sources */ = {isa = PBXBuildFile; fileRef = ABBFAF532336ACD400C2ED14 /* OrderListViewModel.swift */; };
		ABC49B432336BEC00006C19F /* OrderListView.swift in Sources */ = {isa = PBXBuildFile; fileRef = ABC49B422336BEC00006C19F /* OrderListView.swift */; };
/* End PBXBuildFile section */

/* Begin PBXFileReference section */
		ABB8B8952340ECFD003B83B6 /* CreateOrderResponse.swift */ = {isa = PBXFileReference; lastKnownFileType = sourcecode.swift; path = CreateOrderResponse.swift; sourceTree = "<group>"; };
		ABB8B8A82340F810003B83B6 /* AddCoffeeOrderViewModel.swift */ = {isa = PBXFileReference; lastKnownFileType = sourcecode.swift; path = AddCoffeeOrderViewModel.swift; sourceTree = "<group>"; };
		ABB8B8AA2340F9ED003B83B6 /* CoffeeViewModel.swift */ = {isa = PBXFileReference; lastKnownFileType = sourcecode.swift; path = CoffeeViewModel.swift; sourceTree = "<group>"; };
		ABB8B8AC2340FCC6003B83B6 /* AddCoffeeOrderView.swift */ = {isa = PBXFileReference; lastKnownFileType = sourcecode.swift; path = AddCoffeeOrderView.swift; sourceTree = "<group>"; };
		ABB8B8AE23410D4E003B83B6 /* OrderTotalView.swift */ = {isa = PBXFileReference; lastKnownFileType = sourcecode.swift; path = OrderTotalView.swift; sourceTree = "<group>"; };
		ABBFAF332336A5EC00C2ED14 /* CoffeeShop.app */ = {isa = PBXFileReference; explicitFileType = wrapper.application; includeInIndex = 0; path = CoffeeShop.app; sourceTree = BUILT_PRODUCTS_DIR; };
		ABBFAF362336A5EC00C2ED14 /* AppDelegate.swift */ = {isa = PBXFileReference; lastKnownFileType = sourcecode.swift; path = AppDelegate.swift; sourceTree = "<group>"; };
		ABBFAF382336A5EC00C2ED14 /* SceneDelegate.swift */ = {isa = PBXFileReference; lastKnownFileType = sourcecode.swift; path = SceneDelegate.swift; sourceTree = "<group>"; };
		ABBFAF3A2336A5EC00C2ED14 /* ContentView.swift */ = {isa = PBXFileReference; lastKnownFileType = sourcecode.swift; path = ContentView.swift; sourceTree = "<group>"; };
		ABBFAF3C2336A5EE00C2ED14 /* Assets.xcassets */ = {isa = PBXFileReference; lastKnownFileType = folder.assetcatalog; path = Assets.xcassets; sourceTree = "<group>"; };
		ABBFAF3F2336A5EE00C2ED14 /* Preview Assets.xcassets */ = {isa = PBXFileReference; lastKnownFileType = folder.assetcatalog; path = "Preview Assets.xcassets"; sourceTree = "<group>"; };
		ABBFAF422336A5EE00C2ED14 /* Base */ = {isa = PBXFileReference; lastKnownFileType = file.storyboard; name = Base; path = Base.lproj/LaunchScreen.storyboard; sourceTree = "<group>"; };
		ABBFAF442336A5EE00C2ED14 /* Info.plist */ = {isa = PBXFileReference; lastKnownFileType = text.plist.xml; path = Info.plist; sourceTree = "<group>"; };
		ABBFAF4C2336A64300C2ED14 /* Coffee.swift */ = {isa = PBXFileReference; lastKnownFileType = sourcecode.swift; path = Coffee.swift; sourceTree = "<group>"; };
		ABBFAF4E2336A83D00C2ED14 /* Order.swift */ = {isa = PBXFileReference; lastKnownFileType = sourcecode.swift; path = Order.swift; sourceTree = "<group>"; };
		ABBFAF512336A91D00C2ED14 /* Webservice.swift */ = {isa = PBXFileReference; lastKnownFileType = sourcecode.swift; path = Webservice.swift; sourceTree = "<group>"; };
		ABBFAF532336ACD400C2ED14 /* OrderListViewModel.swift */ = {isa = PBXFileReference; lastKnownFileType = sourcecode.swift; path = OrderListViewModel.swift; sourceTree = "<group>"; };
		ABC49B422336BEC00006C19F /* OrderListView.swift */ = {isa = PBXFileReference; lastKnownFileType = sourcecode.swift; path = OrderListView.swift; sourceTree = "<group>"; };
/* End PBXFileReference section */

/* Begin PBXFrameworksBuildPhase section */
		ABBFAF302336A5EC00C2ED14 /* Frameworks */ = {
			isa = PBXFrameworksBuildPhase;
			buildActionMask = 2147483647;
			files = (
			);
			runOnlyForDeploymentPostprocessing = 0;
		};
/* End PBXFrameworksBuildPhase section */

/* Begin PBXGroup section */
		ABBFAF2A2336A5EC00C2ED14 = {
			isa = PBXGroup;
			children = (
				ABBFAF352336A5EC00C2ED14 /* CoffeeShop */,
				ABBFAF342336A5EC00C2ED14 /* Products */,
			);
			sourceTree = "<group>";
		};
		ABBFAF342336A5EC00C2ED14 /* Products */ = {
			isa = PBXGroup;
			children = (
				ABBFAF332336A5EC00C2ED14 /* CoffeeShop.app */,
			);
			name = Products;
			sourceTree = "<group>";
		};
		ABBFAF352336A5EC00C2ED14 /* CoffeeShop */ = {
			isa = PBXGroup;
			children = (
				ABC49B412336BE8D0006C19F /* Views */,
				ABBFAF502336A90500C2ED14 /* Services */,
				ABBFAF4B2336A60700C2ED14 /* ViewModels */,
				ABBFAF4A2336A5FD00C2ED14 /* Models */,
				ABBFAF362336A5EC00C2ED14 /* AppDelegate.swift */,
				ABBFAF382336A5EC00C2ED14 /* SceneDelegate.swift */,
				ABBFAF3C2336A5EE00C2ED14 /* Assets.xcassets */,
				ABBFAF412336A5EE00C2ED14 /* LaunchScreen.storyboard */,
				ABBFAF442336A5EE00C2ED14 /* Info.plist */,
				ABBFAF3E2336A5EE00C2ED14 /* Preview Content */,
			);
			path = CoffeeShop;
			sourceTree = "<group>";
		};
		ABBFAF3E2336A5EE00C2ED14 /* Preview Content */ = {
			isa = PBXGroup;
			children = (
				ABBFAF3F2336A5EE00C2ED14 /* Preview Assets.xcassets */,
			);
			path = "Preview Content";
			sourceTree = "<group>";
		};
		ABBFAF4A2336A5FD00C2ED14 /* Models */ = {
			isa = PBXGroup;
			children = (
				ABBFAF4C2336A64300C2ED14 /* Coffee.swift */,
				ABBFAF4E2336A83D00C2ED14 /* Order.swift */,
				ABB8B8952340ECFD003B83B6 /* CreateOrderResponse.swift */,
			);
			path = Models;
			sourceTree = "<group>";
		};
		ABBFAF4B2336A60700C2ED14 /* ViewModels */ = {
			isa = PBXGroup;
			children = (
				ABBFAF532336ACD400C2ED14 /* OrderListViewModel.swift */,
				ABB8B8A82340F810003B83B6 /* AddCoffeeOrderViewModel.swift */,
				ABB8B8AA2340F9ED003B83B6 /* CoffeeViewModel.swift */,
			);
			path = ViewModels;
			sourceTree = "<group>";
		};
		ABBFAF502336A90500C2ED14 /* Services */ = {
			isa = PBXGroup;
			children = (
				ABBFAF512336A91D00C2ED14 /* Webservice.swift */,
			);
			path = Services;
			sourceTree = "<group>";
		};
		ABC49B412336BE8D0006C19F /* Views */ = {
			isa = PBXGroup;
			children = (
				ABBFAF3A2336A5EC00C2ED14 /* ContentView.swift */,
				ABC49B422336BEC00006C19F /* OrderListView.swift */,
				ABB8B8AC2340FCC6003B83B6 /* AddCoffeeOrderView.swift */,
				ABB8B8AE23410D4E003B83B6 /* OrderTotalView.swift */,
			);
			path = Views;
			sourceTree = "<group>";
		};
/* End PBXGroup section */

/* Begin PBXNativeTarget section */
		ABBFAF322336A5EC00C2ED14 /* CoffeeShop */ = {
			isa = PBXNativeTarget;
			buildConfigurationList = ABBFAF472336A5EE00C2ED14 /* Build configuration list for PBXNativeTarget "CoffeeShop" */;
			buildPhases = (
				ABBFAF2F2336A5EC00C2ED14 /* Sources */,
				ABBFAF302336A5EC00C2ED14 /* Frameworks */,
				ABBFAF312336A5EC00C2ED14 /* Resources */,
			);
			buildRules = (
			);
			dependencies = (
			);
			name = CoffeeShop;
			productName = CoffeeShop;
			productReference = ABBFAF332336A5EC00C2ED14 /* CoffeeShop.app */;
			productType = "com.apple.product-type.application";
		};
/* End PBXNativeTarget section */

/* Begin PBXProject section */
		ABBFAF2B2336A5EC00C2ED14 /* Project object */ = {
			isa = PBXProject;
			attributes = {
				LastSwiftUpdateCheck = 1100;
				LastUpgradeCheck = 1100;
				ORGANIZATIONNAME = "Lucas Silveira";
				TargetAttributes = {
					ABBFAF322336A5EC00C2ED14 = {
						CreatedOnToolsVersion = 11.0;
					};
				};
			};
			buildConfigurationList = ABBFAF2E2336A5EC00C2ED14 /* Build configuration list for PBXProject "CoffeeShop" */;
			compatibilityVersion = "Xcode 9.3";
			developmentRegion = en;
			hasScannedForEncodings = 0;
			knownRegions = (
				en,
				Base,
			);
			mainGroup = ABBFAF2A2336A5EC00C2ED14;
			productRefGroup = ABBFAF342336A5EC00C2ED14 /* Products */;
			projectDirPath = "";
			projectRoot = "";
			targets = (
				ABBFAF322336A5EC00C2ED14 /* CoffeeShop */,
			);
		};
/* End PBXProject section */

/* Begin PBXResourcesBuildPhase section */
		ABBFAF312336A5EC00C2ED14 /* Resources */ = {
			isa = PBXResourcesBuildPhase;
			buildActionMask = 2147483647;
			files = (
				ABBFAF432336A5EE00C2ED14 /* LaunchScreen.storyboard in Resources */,
				ABBFAF402336A5EE00C2ED14 /* Preview Assets.xcassets in Resources */,
				ABBFAF3D2336A5EE00C2ED14 /* Assets.xcassets in Resources */,
			);
			runOnlyForDeploymentPostprocessing = 0;
		};
/* End PBXResourcesBuildPhase section */

/* Begin PBXSourcesBuildPhase section */
		ABBFAF2F2336A5EC00C2ED14 /* Sources */ = {
			isa = PBXSourcesBuildPhase;
			buildActionMask = 2147483647;
			files = (
				ABBFAF372336A5EC00C2ED14 /* AppDelegate.swift in Sources */,
				ABC49B432336BEC00006C19F /* OrderListView.swift in Sources */,
				ABB8B8962340ECFD003B83B6 /* CreateOrderResponse.swift in Sources */,
				ABBFAF392336A5EC00C2ED14 /* SceneDelegate.swift in Sources */,
				ABBFAF522336A91D00C2ED14 /* Webservice.swift in Sources */,
				ABB8B8AF23410D4E003B83B6 /* OrderTotalView.swift in Sources */,
				ABB8B8AB2340F9ED003B83B6 /* CoffeeViewModel.swift in Sources */,
				ABBFAF4F2336A83D00C2ED14 /* Order.swift in Sources */,
				ABBFAF542336ACD400C2ED14 /* OrderListViewModel.swift in Sources */,
				ABB8B8A92340F810003B83B6 /* AddCoffeeOrderViewModel.swift in Sources */,
				ABBFAF3B2336A5EC00C2ED14 /* ContentView.swift in Sources */,
				ABBFAF4D2336A64300C2ED14 /* Coffee.swift in Sources */,
				ABB8B8AD2340FCC6003B83B6 /* AddCoffeeOrderView.swift in Sources */,
			);
			runOnlyForDeploymentPostprocessing = 0;
		};
/* End PBXSourcesBuildPhase section */

/* Begin PBXVariantGroup section */
		ABBFAF412336A5EE00C2ED14 /* LaunchScreen.storyboard */ = {
			isa = PBXVariantGroup;
			children = (
				ABBFAF422336A5EE00C2ED14 /* Base */,
			);
			name = LaunchScreen.storyboard;
			sourceTree = "<group>";
		};
/* End PBXVariantGroup section */

/* Begin XCBuildConfiguration section */
		ABBFAF452336A5EE00C2ED14 /* Debug */ = {
			isa = XCBuildConfiguration;
			buildSettings = {
				ALWAYS_SEARCH_USER_PATHS = NO;
				CLANG_ANALYZER_NONNULL = YES;
				CLANG_ANALYZER_NUMBER_OBJECT_CONVERSION = YES_AGGRESSIVE;
				CLANG_CXX_LANGUAGE_STANDARD = "gnu++14";
				CLANG_CXX_LIBRARY = "libc++";
				CLANG_ENABLE_MODULES = YES;
				CLANG_ENABLE_OBJC_ARC = YES;
				CLANG_ENABLE_OBJC_WEAK = YES;
				CLANG_WARN_BLOCK_CAPTURE_AUTORELEASING = YES;
				CLANG_WARN_BOOL_CONVERSION = YES;
				CLANG_WARN_COMMA = YES;
				CLANG_WARN_CONSTANT_CONVERSION = YES;
				CLANG_WARN_DEPRECATED_OBJC_IMPLEMENTATIONS = YES;
				CLANG_WARN_DIRECT_OBJC_ISA_USAGE = YES_ERROR;
				CLANG_WARN_DOCUMENTATION_COMMENTS = YES;
				CLANG_WARN_EMPTY_BODY = YES;
				CLANG_WARN_ENUM_CONVERSION = YES;
				CLANG_WARN_INFINITE_RECURSION = YES;
				CLANG_WARN_INT_CONVERSION = YES;
				CLANG_WARN_NON_LITERAL_NULL_CONVERSION = YES;
				CLANG_WARN_OBJC_IMPLICIT_RETAIN_SELF = YES;
				CLANG_WARN_OBJC_LITERAL_CONVERSION = YES;
				CLANG_WARN_OBJC_ROOT_CLASS = YES_ERROR;
				CLANG_WARN_RANGE_LOOP_ANALYSIS = YES;
				CLANG_WARN_STRICT_PROTOTYPES = YES;
				CLANG_WARN_SUSPICIOUS_MOVE = YES;
				CLANG_WARN_UNGUARDED_AVAILABILITY = YES_AGGRESSIVE;
				CLANG_WARN_UNREACHABLE_CODE = YES;
				CLANG_WARN__DUPLICATE_METHOD_MATCH = YES;
				COPY_PHASE_STRIP = NO;
				DEBUG_INFORMATION_FORMAT = dwarf;
				ENABLE_STRICT_OBJC_MSGSEND = YES;
				ENABLE_TESTABILITY = YES;
				GCC_C_LANGUAGE_STANDARD = gnu11;
				GCC_DYNAMIC_NO_PIC = NO;
				GCC_NO_COMMON_BLOCKS = YES;
				GCC_OPTIMIZATION_LEVEL = 0;
				GCC_PREPROCESSOR_DEFINITIONS = (
					"DEBUG=1",
					"$(inherited)",
				);
				GCC_WARN_64_TO_32_BIT_CONVERSION = YES;
				GCC_WARN_ABOUT_RETURN_TYPE = YES_ERROR;
				GCC_WARN_UNDECLARED_SELECTOR = YES;
				GCC_WARN_UNINITIALIZED_AUTOS = YES_AGGRESSIVE;
				GCC_WARN_UNUSED_FUNCTION = YES;
				GCC_WARN_UNUSED_VARIABLE = YES;
				IPHONEOS_DEPLOYMENT_TARGET = 13.0;
				MTL_ENABLE_DEBUG_INFO = INCLUDE_SOURCE;
				MTL_FAST_MATH = YES;
				ONLY_ACTIVE_ARCH = YES;
				SDKROOT = iphoneos;
				SWIFT_ACTIVE_COMPILATION_CONDITIONS = DEBUG;
				SWIFT_OPTIMIZATION_LEVEL = "-Onone";
			};
			name = Debug;
		};
		ABBFAF462336A5EE00C2ED14 /* Release */ = {
			isa = XCBuildConfiguration;
			buildSettings = {
				ALWAYS_SEARCH_USER_PATHS = NO;
				CLANG_ANALYZER_NONNULL = YES;
				CLANG_ANALYZER_NUMBER_OBJECT_CONVERSION = YES_AGGRESSIVE;
				CLANG_CXX_LANGUAGE_STANDARD = "gnu++14";
				CLANG_CXX_LIBRARY = "libc++";
				CLANG_ENABLE_MODULES = YES;
				CLANG_ENABLE_OBJC_ARC = YES;
				CLANG_ENABLE_OBJC_WEAK = YES;
				CLANG_WARN_BLOCK_CAPTURE_AUTORELEASING = YES;
				CLANG_WARN_BOOL_CONVERSION = YES;
				CLANG_WARN_COMMA = YES;
				CLANG_WARN_CONSTANT_CONVERSION = YES;
				CLANG_WARN_DEPRECATED_OBJC_IMPLEMENTATIONS = YES;
				CLANG_WARN_DIRECT_OBJC_ISA_USAGE = YES_ERROR;
				CLANG_WARN_DOCUMENTATION_COMMENTS = YES;
				CLANG_WARN_EMPTY_BODY = YES;
				CLANG_WARN_ENUM_CONVERSION = YES;
				CLANG_WARN_INFINITE_RECURSION = YES;
				CLANG_WARN_INT_CONVERSION = YES;
				CLANG_WARN_NON_LITERAL_NULL_CONVERSION = YES;
				CLANG_WARN_OBJC_IMPLICIT_RETAIN_SELF = YES;
				CLANG_WARN_OBJC_LITERAL_CONVERSION = YES;
				CLANG_WARN_OBJC_ROOT_CLASS = YES_ERROR;
				CLANG_WARN_RANGE_LOOP_ANALYSIS = YES;
				CLANG_WARN_STRICT_PROTOTYPES = YES;
				CLANG_WARN_SUSPICIOUS_MOVE = YES;
				CLANG_WARN_UNGUARDED_AVAILABILITY = YES_AGGRESSIVE;
				CLANG_WARN_UNREACHABLE_CODE = YES;
				CLANG_WARN__DUPLICATE_METHOD_MATCH = YES;
				COPY_PHASE_STRIP = NO;
				DEBUG_INFORMATION_FORMAT = "dwarf-with-dsym";
				ENABLE_NS_ASSERTIONS = NO;
				ENABLE_STRICT_OBJC_MSGSEND = YES;
				GCC_C_LANGUAGE_STANDARD = gnu11;
				GCC_NO_COMMON_BLOCKS = YES;
				GCC_WARN_64_TO_32_BIT_CONVERSION = YES;
				GCC_WARN_ABOUT_RETURN_TYPE = YES_ERROR;
				GCC_WARN_UNDECLARED_SELECTOR = YES;
				GCC_WARN_UNINITIALIZED_AUTOS = YES_AGGRESSIVE;
				GCC_WARN_UNUSED_FUNCTION = YES;
				GCC_WARN_UNUSED_VARIABLE = YES;
				IPHONEOS_DEPLOYMENT_TARGET = 13.0;
				MTL_ENABLE_DEBUG_INFO = NO;
				MTL_FAST_MATH = YES;
				SDKROOT = iphoneos;
				SWIFT_COMPILATION_MODE = wholemodule;
				SWIFT_OPTIMIZATION_LEVEL = "-O";
				VALIDATE_PRODUCT = YES;
			};
			name = Release;
		};
		ABBFAF482336A5EE00C2ED14 /* Debug */ = {
			isa = XCBuildConfiguration;
			buildSettings = {
				ASSETCATALOG_COMPILER_APPICON_NAME = AppIcon;
				CODE_SIGN_STYLE = Automatic;
				DEVELOPMENT_ASSET_PATHS = "\"CoffeeShop/Preview Content\"";
				DEVELOPMENT_TEAM = 6B36S74UH9;
				ENABLE_PREVIEWS = YES;
				INFOPLIST_FILE = CoffeeShop/Info.plist;
				LD_RUNPATH_SEARCH_PATHS = (
					"$(inherited)",
					"@executable_path/Frameworks",
				);
				PRODUCT_BUNDLE_IDENTIFIER = br.com.CoffeeShop;
				PRODUCT_NAME = "$(TARGET_NAME)";
				SWIFT_VERSION = 5.0;
				TARGETED_DEVICE_FAMILY = "1,2";
			};
			name = Debug;
		};
		ABBFAF492336A5EE00C2ED14 /* Release */ = {
			isa = XCBuildConfiguration;
			buildSettings = {
				ASSETCATALOG_COMPILER_APPICON_NAME = AppIcon;
				CODE_SIGN_STYLE = Automatic;
				DEVELOPMENT_ASSET_PATHS = "\"CoffeeShop/Preview Content\"";
				DEVELOPMENT_TEAM = 6B36S74UH9;
				ENABLE_PREVIEWS = YES;
				INFOPLIST_FILE = CoffeeShop/Info.plist;
				LD_RUNPATH_SEARCH_PATHS = (
					"$(inherited)",
					"@executable_path/Frameworks",
				);
				PRODUCT_BUNDLE_IDENTIFIER = br.com.CoffeeShop;
				PRODUCT_NAME = "$(TARGET_NAME)";
				SWIFT_VERSION = 5.0;
				TARGETED_DEVICE_FAMILY = "1,2";
			};
			name = Release;
		};
/* End XCBuildConfiguration section */

/* Begin XCConfigurationList section */
		ABBFAF2E2336A5EC00C2ED14 /* Build configuration list for PBXProject "CoffeeShop" */ = {
			isa = XCConfigurationList;
			buildConfigurations = (
				ABBFAF452336A5EE00C2ED14 /* Debug */,
				ABBFAF462336A5EE00C2ED14 /* Release */,
			);
			defaultConfigurationIsVisible = 0;
			defaultConfigurationName = Release;
		};
		ABBFAF472336A5EE00C2ED14 /* Build configuration list for PBXNativeTarget "CoffeeShop" */ = {
			isa = XCConfigurationList;
			buildConfigurations = (
				ABBFAF482336A5EE00C2ED14 /* Debug */,
				ABBFAF492336A5EE00C2ED14 /* Release */,
			);
			defaultConfigurationIsVisible = 0;
			defaultConfigurationName = Release;
		};
/* End XCConfigurationList section */
	};
	rootObject = ABBFAF2B2336A5EC00C2ED14 /* Project object */;
}
